Microsoft Visual Studio Solution File, Format Version 12.00
# Visual Studio Version 17
VisualStudioVersion = 17.3.32811.315
MinimumVisualStudioVersion = 10.0.40219.1
Project("{9A19103F-16F7-4668-BE54-9A1E7A4F7556}") = "Sudoku", "Sudoku\Sudoku.csproj", "{113534CE-7583-4F24-9D4C-808FC934164A}"
EndProject
Project("{9A19103F-16F7-4668-BE54-9A1E7A4F7556}") = "UnitTests", "Tests\UnitTests.csproj", "{1675BFA1-12B6-4AD4-8932-01DD3140D22E}"
EndProject
Project("{9A19103F-16F7-4668-BE54-9A1E7A4F7556}") = "Sudoku.Web.Server", "Sudoku.Web.Server\Sudoku.Web.Server.csproj", "{496F08A0-E45C-4835-B5F7-AD29E651BD65}"
EndProject
Global
	GlobalSection(SolutionConfigurationPlatforms) = preSolution
		Debug|Any CPU = Debug|Any CPU
		Release|Any CPU = Release|Any CPU
	EndGlobalSection
	GlobalSection(ProjectConfigurationPlatforms) = postSolution
		{113534CE-7583-4F24-9D4C-808FC934164A}.Debug|Any CPU.ActiveCfg = Debug|Any CPU
		{113534CE-7583-4F24-9D4C-808FC934164A}.Debug|Any CPU.Build.0 = Debug|Any CPU
		{113534CE-7583-4F24-9D4C-808FC934164A}.Release|Any CPU.ActiveCfg = Release|Any CPU
		{113534CE-7583-4F24-9D4C-808FC934164A}.Release|Any CPU.Build.0 = Release|Any CPU
		{1675BFA1-12B6-4AD4-8932-01DD3140D22E}.Debug|Any CPU.ActiveCfg = Debug|Any CPU
		{1675BFA1-12B6-4AD4-8932-01DD3140D22E}.Debug|Any CPU.Build.0 = Debug|Any CPU
		{1675BFA1-12B6-4AD4-8932-01DD3140D22E}.Release|Any CPU.ActiveCfg = Release|Any CPU
		{1675BFA1-12B6-4AD4-8932-01DD3140D22E}.Release|Any CPU.Build.0 = Release|Any CPU
		{496F08A0-E45C-4835-B5F7-AD29E651BD65}.Debug|Any CPU.ActiveCfg = Debug|Any CPU
		{496F08A0-E45C-4835-B5F7-AD29E651BD65}.Debug|Any CPU.Build.0 = Debug|Any CPU
		{496F08A0-E45C-4835-B5F7-AD29E651BD65}.Release|Any CPU.ActiveCfg = Release|Any CPU
		{496F08A0-E45C-4835-B5F7-AD29E651BD65}.Release|Any CPU.Build.0 = Release|Any CPU
	EndGlobalSection
	GlobalSection(SolutionProperties) = preSolution
		HideSolutionNode = FALSE
	EndGlobalSection
	GlobalSection(ExtensibilityGlobals) = postSolution
		SolutionGuid = {B3A3B7C7-B547-499D-8BB0-DFBB021089C3}
	EndGlobalSection
EndGlobal
